
Microsoft Visual Studio Solution File, Format Version 12.00
# Visual Studio 15
VisualStudioVersion = 15.0.25807.0
MinimumVisualStudioVersion = 10.0.40219.1
Project("{2150E333-8FDC-42A3-9474-1A3956D46DE8}") = "Engine", "Engine", "{F9CEDB23-4DE3-4538-BED3-47E518EAE23F}"
EndProject
Project("{2150E333-8FDC-42A3-9474-1A3956D46DE8}") = "Games", "Games", "{7984F5F6-D220-4784-AF77-8F9AE8CFA168}"
EndProject
Project("{8BC9CEB8-8B4A-11D0-8D11-00A0C91BC942}") = "UE4", "Intermediate\ProjectFiles\UE4.vcxproj", "{BC291B4B-411D-44DB-8142-7FECE44E38F1}"
EndProject
Project("{8BC9CEB8-8B4A-11D0-8D11-00A0C91BC942}") = "TSAction", "Intermediate\ProjectFiles\TSAction.vcxproj", "{BCDC2F40-CA84-44E0-96B0-D2270FFE7405}"
EndProject
Global
	GlobalSection(SolutionConfigurationPlatforms) = preSolution
		DebugGame Editor|HTML5 = DebugGame Editor|HTML5
		DebugGame Editor|Win32 = DebugGame Editor|Win32
		DebugGame Editor|Win64 = DebugGame Editor|Win64
		DebugGame|HTML5 = DebugGame|HTML5
		DebugGame|Win32 = DebugGame|Win32
		DebugGame|Win64 = DebugGame|Win64
		Development Editor|HTML5 = Development Editor|HTML5
		Development Editor|Win32 = Development Editor|Win32
		Development Editor|Win64 = Development Editor|Win64
		Development|HTML5 = Development|HTML5
		Development|Win32 = Development|Win32
		Development|Win64 = Development|Win64
		Shipping|HTML5 = Shipping|HTML5
		Shipping|Win32 = Shipping|Win32
		Shipping|Win64 = Shipping|Win64
	EndGlobalSection
	GlobalSection(ProjectConfigurationPlatforms) = postSolution
		{BC291B4B-411D-44DB-8142-7FECE44E38F1}.DebugGame Editor|HTML5.ActiveCfg = BuiltWithUnrealBuildTool|Win32
		{BC291B4B-411D-44DB-8142-7FECE44E38F1}.DebugGame Editor|HTML5.Build.0 = BuiltWithUnrealBuildTool|Win32
		{BC291B4B-411D-44DB-8142-7FECE44E38F1}.DebugGame Editor|Win32.ActiveCfg = BuiltWithUnrealBuildTool|Win32
		{BC291B4B-411D-44DB-8142-7FECE44E38F1}.DebugGame Editor|Win32.Build.0 = BuiltWithUnrealBuildTool|Win32
		{BC291B4B-411D-44DB-8142-7FECE44E38F1}.DebugGame Editor|Win64.ActiveCfg = BuiltWithUnrealBuildTool|Win32
		{BC291B4B-411D-44DB-8142-7FECE44E38F1}.DebugGame Editor|Win64.Build.0 = BuiltWithUnrealBuildTool|Win32
		{BC291B4B-411D-44DB-8142-7FECE44E38F1}.DebugGame|HTML5.ActiveCfg = BuiltWithUnrealBuildTool|Win32
		{BC291B4B-411D-44DB-8142-7FECE44E38F1}.DebugGame|HTML5.Build.0 = BuiltWithUnrealBuildTool|Win32
		{BC291B4B-411D-44DB-8142-7FECE44E38F1}.DebugGame|Win32.ActiveCfg = BuiltWithUnrealBuildTool|Win32
		{BC291B4B-411D-44DB-8142-7FECE44E38F1}.DebugGame|Win32.Build.0 = BuiltWithUnrealBuildTool|Win32
		{BC291B4B-411D-44DB-8142-7FECE44E38F1}.DebugGame|Win64.ActiveCfg = BuiltWithUnrealBuildTool|Win32
		{BC291B4B-411D-44DB-8142-7FECE44E38F1}.DebugGame|Win64.Build.0 = BuiltWithUnrealBuildTool|Win32
		{BC291B4B-411D-44DB-8142-7FECE44E38F1}.Development Editor|HTML5.ActiveCfg = BuiltWithUnrealBuildTool|Win32
		{BC291B4B-411D-44DB-8142-7FECE44E38F1}.Development Editor|HTML5.Build.0 = BuiltWithUnrealBuildTool|Win32
		{BC291B4B-411D-44DB-8142-7FECE44E38F1}.Development Editor|Win32.ActiveCfg = BuiltWithUnrealBuildTool|Win32
		{BC291B4B-411D-44DB-8142-7FECE44E38F1}.Development Editor|Win32.Build.0 = BuiltWithUnrealBuildTool|Win32
		{BC291B4B-411D-44DB-8142-7FECE44E38F1}.Development Editor|Win64.ActiveCfg = BuiltWithUnrealBuildTool|Win32
		{BC291B4B-411D-44DB-8142-7FECE44E38F1}.Development Editor|Win64.Build.0 = BuiltWithUnrealBuildTool|Win32
		{BC291B4B-411D-44DB-8142-7FECE44E38F1}.Development|HTML5.ActiveCfg = BuiltWithUnrealBuildTool|Win32
		{BC291B4B-411D-44DB-8142-7FECE44E38F1}.Development|HTML5.Build.0 = BuiltWithUnrealBuildTool|Win32
		{BC291B4B-411D-44DB-8142-7FECE44E38F1}.Development|Win32.ActiveCfg = BuiltWithUnrealBuildTool|Win32
		{BC291B4B-411D-44DB-8142-7FECE44E38F1}.Development|Win32.Build.0 = BuiltWithUnrealBuildTool|Win32
		{BC291B4B-411D-44DB-8142-7FECE44E38F1}.Development|Win64.ActiveCfg = BuiltWithUnrealBuildTool|Win32
		{BC291B4B-411D-44DB-8142-7FECE44E38F1}.Development|Win64.Build.0 = BuiltWithUnrealBuildTool|Win32
		{BC291B4B-411D-44DB-8142-7FECE44E38F1}.Shipping|HTML5.ActiveCfg = BuiltWithUnrealBuildTool|Win32
		{BC291B4B-411D-44DB-8142-7FECE44E38F1}.Shipping|HTML5.Build.0 = BuiltWithUnrealBuildTool|Win32
		{BC291B4B-411D-44DB-8142-7FECE44E38F1}.Shipping|Win32.ActiveCfg = BuiltWithUnrealBuildTool|Win32
		{BC291B4B-411D-44DB-8142-7FECE44E38F1}.Shipping|Win32.Build.0 = BuiltWithUnrealBuildTool|Win32
		{BC291B4B-411D-44DB-8142-7FECE44E38F1}.Shipping|Win64.ActiveCfg = BuiltWithUnrealBuildTool|Win32
		{BC291B4B-411D-44DB-8142-7FECE44E38F1}.Shipping|Win64.Build.0 = BuiltWithUnrealBuildTool|Win32
		{BCDC2F40-CA84-44E0-96B0-D2270FFE7405}.DebugGame Editor|HTML5.ActiveCfg = HTML5_DebugGame_Editor|Win32
		{BCDC2F40-CA84-44E0-96B0-D2270FFE7405}.DebugGame Editor|Win32.ActiveCfg = DebugGame_Editor|Win32
		{BCDC2F40-CA84-44E0-96B0-D2270FFE7405}.DebugGame Editor|Win64.ActiveCfg = DebugGame_Editor|x64
		{BCDC2F40-CA84-44E0-96B0-D2270FFE7405}.DebugGame Editor|Win64.Build.0 = DebugGame_Editor|x64
		{BCDC2F40-CA84-44E0-96B0-D2270FFE7405}.DebugGame|HTML5.ActiveCfg = HTML5_DebugGame_Game|Win32
		{BCDC2F40-CA84-44E0-96B0-D2270FFE7405}.DebugGame|HTML5.Build.0 = HTML5_DebugGame_Game|Win32
		{BCDC2F40-CA84-44E0-96B0-D2270FFE7405}.DebugGame|Win32.ActiveCfg = DebugGame_Game|Win32
		{BCDC2F40-CA84-44E0-96B0-D2270FFE7405}.DebugGame|Win32.Build.0 = DebugGame_Game|Win32
		{BCDC2F40-CA84-44E0-96B0-D2270FFE7405}.DebugGame|Win64.ActiveCfg = DebugGame_Game|x64
		{BCDC2F40-CA84-44E0-96B0-D2270FFE7405}.DebugGame|Win64.Build.0 = DebugGame_Game|x64
		{BCDC2F40-CA84-44E0-96B0-D2270FFE7405}.Development Editor|HTML5.ActiveCfg = HTML5_Development_Editor|Win32
		{BCDC2F40-CA84-44E0-96B0-D2270FFE7405}.Development Editor|Win32.ActiveCfg = Development_Editor|Win32
		{BCDC2F40-CA84-44E0-96B0-D2270FFE7405}.Development Editor|Win64.ActiveCfg = Development_Editor|x64
		{BCDC2F40-CA84-44E0-96B0-D2270FFE7405}.Development Editor|Win64.Build.0 = Development_Editor|x64
		{BCDC2F40-CA84-44E0-96B0-D2270FFE7405}.Development|HTML5.ActiveCfg = HTML5_Development_Game|Win32
		{BCDC2F40-CA84-44E0-96B0-D2270FFE7405}.Development|HTML5.Build.0 = HTML5_Development_Game|Win32
		{BCDC2F40-CA84-44E0-96B0-D2270FFE7405}.Development|Win32.ActiveCfg = Development_Game|Win32
		{BCDC2F40-CA84-44E0-96B0-D2270FFE7405}.Development|Win32.Build.0 = Development_Game|Win32
		{BCDC2F40-CA84-44E0-96B0-D2270FFE7405}.Development|Win64.ActiveCfg = Development_Game|x64
		{BCDC2F40-CA84-44E0-96B0-D2270FFE7405}.Development|Win64.Build.0 = Development_Game|x64
		{BCDC2F40-CA84-44E0-96B0-D2270FFE7405}.Shipping|HTML5.ActiveCfg = HTML5_Shipping_Game|Win32
		{BCDC2F40-CA84-44E0-96B0-D2270FFE7405}.Shipping|HTML5.Build.0 = HTML5_Shipping_Game|Win32
		{BCDC2F40-CA84-44E0-96B0-D2270FFE7405}.Shipping|Win32.ActiveCfg = Shipping_Game|Win32
		{BCDC2F40-CA84-44E0-96B0-D2270FFE7405}.Shipping|Win32.Build.0 = Shipping_Game|Win32
		{BCDC2F40-CA84-44E0-96B0-D2270FFE7405}.Shipping|Win64.ActiveCfg = Shipping_Game|x64
		{BCDC2F40-CA84-44E0-96B0-D2270FFE7405}.Shipping|Win64.Build.0 = Shipping_Game|x64
	EndGlobalSection
	GlobalSection(SolutionProperties) = preSolution
		HideSolutionNode = FALSE
	EndGlobalSection
	GlobalSection(NestedProjects) = preSolution
		{BC291B4B-411D-44DB-8142-7FECE44E38F1} = {F9CEDB23-4DE3-4538-BED3-47E518EAE23F}
		{BCDC2F40-CA84-44E0-96B0-D2270FFE7405} = {7984F5F6-D220-4784-AF77-8F9AE8CFA168}
	EndGlobalSection
	GlobalSection(ExtensibilityGlobals) = postSolution
		SolutionGuid = {764472B8-90FB-4EA1-BB89-09E66AA30F86}
	EndGlobalSection
EndGlobal
